
Microsoft Visual Studio Solution File, Format Version 12.00
# Visual Studio Version 17
VisualStudioVersion = 17.8.34408.163
MinimumVisualStudioVersion = 10.0.40219.1
Project("{9A19103F-16F7-4668-BE54-9A1E7A4F7556}") = "Tititada", "Tititada\Tititada.csproj", "{54AADACF-49AC-47BA-BFF8-93236016D019}"
EndProject
Project("{2150E333-8FDC-42A3-9474-1A3956D46DE8}") = "w1", "w1", "{93333DF3-E17B-42E4-8B81-07CF35FDF4B2}"
EndProject
Project("{9A19103F-16F7-4668-BE54-9A1E7A4F7556}") = "OOP", "OOP\OOP.csproj", "{9F85E3E6-2039-4A8F-8838-887F8844E059}"
EndProject
Project("{2150E333-8FDC-42A3-9474-1A3956D46DE8}") = "w3", "w3", "{EBBD55BE-68BC-4010-952B-A71775CA0265}"
EndProject
Project("{9A19103F-16F7-4668-BE54-9A1E7A4F7556}") = "WebAPIs", "WebAPIs\WebAPIs.csproj", "{1C05D7DB-E5ED-4D11-9E79-E8B73F1A9704}"
EndProject
Project("{2150E333-8FDC-42A3-9474-1A3956D46DE8}") = "w5", "w5", "{1819C43F-8274-4B38-82F2-1AACD434E808}"
EndProject
Project("{9A19103F-16F7-4668-BE54-9A1E7A4F7556}") = "CleanArchWithCQRS.API", "CleanArchWithCQRS.API\CleanArchWithCQRS.API.csproj", "{42CAB0CB-5187-4E8C-B4ED-4EEC4B95C5DD}"
EndProject
Project("{FAE04EC0-301F-11D3-BF4B-00C04F79EFBC}") = "CleanArchWithCQRS.Domain", "CleanArchWithCQRS.Domain\CleanArchWithCQRS.Domain.csproj", "{56156FED-B029-4818-8599-B1E9DA9D6194}"
EndProject
Project("{FAE04EC0-301F-11D3-BF4B-00C04F79EFBC}") = "CleanArchWithCQRS.Application", "CleanArchWithCQRS.Application\CleanArchWithCQRS.Application.csproj", "{0D41DC9C-BCDB-4106-9F07-BF99498754D7}"
EndProject
Project("{FAE04EC0-301F-11D3-BF4B-00C04F79EFBC}") = "CleanArchWithCQRS.Infrastructure", "CleanArchWithCQRS.Infrastructure\CleanArchWithCQRS.Infrastructure.csproj", "{5B4EFA40-9A96-4A23-A924-3ECA6E950FDE}"
EndProject
Global
	GlobalSection(SolutionConfigurationPlatforms) = preSolution
		Debug|Any CPU = Debug|Any CPU
		Release|Any CPU = Release|Any CPU
	EndGlobalSection
	GlobalSection(ProjectConfigurationPlatforms) = postSolution
		{54AADACF-49AC-47BA-BFF8-93236016D019}.Debug|Any CPU.ActiveCfg = Debug|Any CPU
		{54AADACF-49AC-47BA-BFF8-93236016D019}.Debug|Any CPU.Build.0 = Debug|Any CPU
		{54AADACF-49AC-47BA-BFF8-93236016D019}.Release|Any CPU.ActiveCfg = Release|Any CPU
		{54AADACF-49AC-47BA-BFF8-93236016D019}.Release|Any CPU.Build.0 = Release|Any CPU
		{9F85E3E6-2039-4A8F-8838-887F8844E059}.Debug|Any CPU.ActiveCfg = Debug|Any CPU
		{9F85E3E6-2039-4A8F-8838-887F8844E059}.Debug|Any CPU.Build.0 = Debug|Any CPU
		{9F85E3E6-2039-4A8F-8838-887F8844E059}.Release|Any CPU.ActiveCfg = Release|Any CPU
		{9F85E3E6-2039-4A8F-8838-887F8844E059}.Release|Any CPU.Build.0 = Release|Any CPU
		{1C05D7DB-E5ED-4D11-9E79-E8B73F1A9704}.Debug|Any CPU.ActiveCfg = Debug|Any CPU
		{1C05D7DB-E5ED-4D11-9E79-E8B73F1A9704}.Debug|Any CPU.Build.0 = Debug|Any CPU
		{1C05D7DB-E5ED-4D11-9E79-E8B73F1A9704}.Release|Any CPU.ActiveCfg = Release|Any CPU
		{1C05D7DB-E5ED-4D11-9E79-E8B73F1A9704}.Release|Any CPU.Build.0 = Release|Any CPU
		{42CAB0CB-5187-4E8C-B4ED-4EEC4B95C5DD}.Debug|Any CPU.ActiveCfg = Debug|Any CPU
		{42CAB0CB-5187-4E8C-B4ED-4EEC4B95C5DD}.Debug|Any CPU.Build.0 = Debug|Any CPU
		{42CAB0CB-5187-4E8C-B4ED-4EEC4B95C5DD}.Release|Any CPU.ActiveCfg = Release|Any CPU
		{42CAB0CB-5187-4E8C-B4ED-4EEC4B95C5DD}.Release|Any CPU.Build.0 = Release|Any CPU
		{56156FED-B029-4818-8599-B1E9DA9D6194}.Debug|Any CPU.ActiveCfg = Debug|Any CPU
		{56156FED-B029-4818-8599-B1E9DA9D6194}.Debug|Any CPU.Build.0 = Debug|Any CPU
		{56156FED-B029-4818-8599-B1E9DA9D6194}.Release|Any CPU.ActiveCfg = Release|Any CPU
		{56156FED-B029-4818-8599-B1E9DA9D6194}.Release|Any CPU.Build.0 = Release|Any CPU
		{0D41DC9C-BCDB-4106-9F07-BF99498754D7}.Debug|Any CPU.ActiveCfg = Debug|Any CPU
		{0D41DC9C-BCDB-4106-9F07-BF99498754D7}.Debug|Any CPU.Build.0 = Debug|Any CPU
		{0D41DC9C-BCDB-4106-9F07-BF99498754D7}.Release|Any CPU.ActiveCfg = Release|Any CPU
		{0D41DC9C-BCDB-4106-9F07-BF99498754D7}.Release|Any CPU.Build.0 = Release|Any CPU
		{5B4EFA40-9A96-4A23-A924-3ECA6E950FDE}.Debug|Any CPU.ActiveCfg = Debug|Any CPU
		{5B4EFA40-9A96-4A23-A924-3ECA6E950FDE}.Debug|Any CPU.Build.0 = Debug|Any CPU
		{5B4EFA40-9A96-4A23-A924-3ECA6E950FDE}.Release|Any CPU.ActiveCfg = Release|Any CPU
		{5B4EFA40-9A96-4A23-A924-3ECA6E950FDE}.Release|Any CPU.Build.0 = Release|Any CPU
	EndGlobalSection
	GlobalSection(SolutionProperties) = preSolution
		HideSolutionNode = FALSE
	EndGlobalSection
	GlobalSection(NestedProjects) = preSolution
		{9F85E3E6-2039-4A8F-8838-887F8844E059} = {93333DF3-E17B-42E4-8B81-07CF35FDF4B2}
		{1C05D7DB-E5ED-4D11-9E79-E8B73F1A9704} = {EBBD55BE-68BC-4010-952B-A71775CA0265}
		{42CAB0CB-5187-4E8C-B4ED-4EEC4B95C5DD} = {1819C43F-8274-4B38-82F2-1AACD434E808}
		{56156FED-B029-4818-8599-B1E9DA9D6194} = {1819C43F-8274-4B38-82F2-1AACD434E808}
		{0D41DC9C-BCDB-4106-9F07-BF99498754D7} = {1819C43F-8274-4B38-82F2-1AACD434E808}
		{5B4EFA40-9A96-4A23-A924-3ECA6E950FDE} = {1819C43F-8274-4B38-82F2-1AACD434E808}
	EndGlobalSection
	GlobalSection(ExtensibilityGlobals) = postSolution
		SolutionGuid = {DA3F676B-CF60-41BC-B4DB-155326688611}
	EndGlobalSection
EndGlobal
